
Microsoft Visual Studio Solution File, Format Version 12.00
# Visual Studio Version 17
VisualStudioVersion = 17.0.32014.148
MinimumVisualStudioVersion = 10.0.40219.1
Project("{9A19103F-16F7-4668-BE54-9A1E7A4F7556}") = "WebAPI", "WebAPI\WebAPI.csproj", "{E9DFF3F3-D924-43AB-B515-776F9BA5ABD8}"
EndProject
Project("{2150E333-8FDC-42A3-9474-1A3956D46DE8}") = "Src", "Src", "{766F2E6C-AD27-4BDC-B4BA-3CB7EB7FC220}"
EndProject
Project("{2150E333-8FDC-42A3-9474-1A3956D46DE8}") = "Presentation", "Presentation", "{497740BC-40CF-4B39-89CF-6D614D96C969}"
EndProject
Project("{2150E333-8FDC-42A3-9474-1A3956D46DE8}") = "Core", "Core", "{B4031BC4-1301-4CC7-859D-0755D0CBD406}"
EndProject
Project("{2150E333-8FDC-42A3-9474-1A3956D46DE8}") = "Infrastructure", "Infrastructure", "{6596D1FC-08CE-4C05-9251-0A064CB8F6B4}"
EndProject
Project("{9A19103F-16F7-4668-BE54-9A1E7A4F7556}") = "Application", "Application\Application.csproj", "{AD7A9969-F776-4A72-84A2-889E0F80BC49}"
EndProject
Project("{9A19103F-16F7-4668-BE54-9A1E7A4F7556}") = "Domain", "Domain\Domain.csproj", "{9B0A2713-1E56-43DC-966E-1884982DE1DB}"
EndProject
Project("{9A19103F-16F7-4668-BE54-9A1E7A4F7556}") = "Infrastructure", "Infrastructure\Infrastructure.csproj", "{F0BDB282-C4FC-4863-A80D-B4A0F5E28025}"
EndProject
Project("{2150E333-8FDC-42A3-9474-1A3956D46DE8}") = "Tests", "Tests", "{1554CD09-646B-4614-B1CA-F32E190947E4}"
EndProject
Project("{9A19103F-16F7-4668-BE54-9A1E7A4F7556}") = "Application.IntegrationTests", "Tests\Application.IntegrationTests\Application.IntegrationTests.csproj", "{43B4AA73-ED0F-47D4-AEAB-BE2EF9A3E849}"
EndProject
Global
	GlobalSection(SolutionConfigurationPlatforms) = preSolution
		Debug|Any CPU = Debug|Any CPU
		Release|Any CPU = Release|Any CPU
	EndGlobalSection
	GlobalSection(ProjectConfigurationPlatforms) = postSolution
		{E9DFF3F3-D924-43AB-B515-776F9BA5ABD8}.Debug|Any CPU.ActiveCfg = Debug|Any CPU
		{E9DFF3F3-D924-43AB-B515-776F9BA5ABD8}.Debug|Any CPU.Build.0 = Debug|Any CPU
		{E9DFF3F3-D924-43AB-B515-776F9BA5ABD8}.Release|Any CPU.ActiveCfg = Release|Any CPU
		{E9DFF3F3-D924-43AB-B515-776F9BA5ABD8}.Release|Any CPU.Build.0 = Release|Any CPU
		{AD7A9969-F776-4A72-84A2-889E0F80BC49}.Debug|Any CPU.ActiveCfg = Debug|Any CPU
		{AD7A9969-F776-4A72-84A2-889E0F80BC49}.Debug|Any CPU.Build.0 = Debug|Any CPU
		{AD7A9969-F776-4A72-84A2-889E0F80BC49}.Release|Any CPU.ActiveCfg = Release|Any CPU
		{AD7A9969-F776-4A72-84A2-889E0F80BC49}.Release|Any CPU.Build.0 = Release|Any CPU
		{9B0A2713-1E56-43DC-966E-1884982DE1DB}.Debug|Any CPU.ActiveCfg = Debug|Any CPU
		{9B0A2713-1E56-43DC-966E-1884982DE1DB}.Debug|Any CPU.Build.0 = Debug|Any CPU
		{9B0A2713-1E56-43DC-966E-1884982DE1DB}.Release|Any CPU.ActiveCfg = Release|Any CPU
		{9B0A2713-1E56-43DC-966E-1884982DE1DB}.Release|Any CPU.Build.0 = Release|Any CPU
		{F0BDB282-C4FC-4863-A80D-B4A0F5E28025}.Debug|Any CPU.ActiveCfg = Debug|Any CPU
		{F0BDB282-C4FC-4863-A80D-B4A0F5E28025}.Debug|Any CPU.Build.0 = Debug|Any CPU
		{F0BDB282-C4FC-4863-A80D-B4A0F5E28025}.Release|Any CPU.ActiveCfg = Release|Any CPU
		{F0BDB282-C4FC-4863-A80D-B4A0F5E28025}.Release|Any CPU.Build.0 = Release|Any CPU
		{43B4AA73-ED0F-47D4-AEAB-BE2EF9A3E849}.Debug|Any CPU.ActiveCfg = Debug|Any CPU
		{43B4AA73-ED0F-47D4-AEAB-BE2EF9A3E849}.Debug|Any CPU.Build.0 = Debug|Any CPU
		{43B4AA73-ED0F-47D4-AEAB-BE2EF9A3E849}.Release|Any CPU.ActiveCfg = Release|Any CPU
		{43B4AA73-ED0F-47D4-AEAB-BE2EF9A3E849}.Release|Any CPU.Build.0 = Release|Any CPU
	EndGlobalSection
	GlobalSection(SolutionProperties) = preSolution
		HideSolutionNode = FALSE
	EndGlobalSection
	GlobalSection(NestedProjects) = preSolution
		{E9DFF3F3-D924-43AB-B515-776F9BA5ABD8} = {497740BC-40CF-4B39-89CF-6D614D96C969}
		{497740BC-40CF-4B39-89CF-6D614D96C969} = {766F2E6C-AD27-4BDC-B4BA-3CB7EB7FC220}
		{B4031BC4-1301-4CC7-859D-0755D0CBD406} = {766F2E6C-AD27-4BDC-B4BA-3CB7EB7FC220}
		{6596D1FC-08CE-4C05-9251-0A064CB8F6B4} = {766F2E6C-AD27-4BDC-B4BA-3CB7EB7FC220}
		{AD7A9969-F776-4A72-84A2-889E0F80BC49} = {B4031BC4-1301-4CC7-859D-0755D0CBD406}
		{9B0A2713-1E56-43DC-966E-1884982DE1DB} = {B4031BC4-1301-4CC7-859D-0755D0CBD406}
		{F0BDB282-C4FC-4863-A80D-B4A0F5E28025} = {6596D1FC-08CE-4C05-9251-0A064CB8F6B4}
		{43B4AA73-ED0F-47D4-AEAB-BE2EF9A3E849} = {1554CD09-646B-4614-B1CA-F32E190947E4}
	EndGlobalSection
	GlobalSection(ExtensibilityGlobals) = postSolution
		SolutionGuid = {57D06235-864E-46EF-8F88-E5C24FE550DF}
	EndGlobalSection
EndGlobal
